
Microsoft Visual Studio Solution File, Format Version 12.00
# Visual Studio Version 17
VisualStudioVersion = 17.11.35222.181
MinimumVisualStudioVersion = 10.0.40219.1
Project("{FAE04EC0-301F-11D3-BF4B-00C04F79EFBC}") = "VaDAlpha", "VaDAlpha\VaDAlpha.csproj", "{D996C0CC-F5C2-4A23-85D3-0476E285918A}"
EndProject
Global
	GlobalSection(SolutionConfigurationPlatforms) = preSolution
		Debug|Any CPU = Debug|Any CPU
		Release|Any CPU = Release|Any CPU
	EndGlobalSection
	GlobalSection(ProjectConfigurationPlatforms) = postSolution
		{D996C0CC-F5C2-4A23-85D3-0476E285918A}.Debug|Any CPU.ActiveCfg = Debug|Any CPU
		{D996C0CC-F5C2-4A23-85D3-0476E285918A}.Debug|Any CPU.Build.0 = Debug|Any CPU
		{D996C0CC-F5C2-4A23-85D3-0476E285918A}.Release|Any CPU.ActiveCfg = Release|Any CPU
		{D996C0CC-F5C2-4A23-85D3-0476E285918A}.Release|Any CPU.Build.0 = Release|Any CPU
	EndGlobalSection
	GlobalSection(SolutionProperties) = preSolution
		HideSolutionNode = FALSE
	EndGlobalSection
	GlobalSection(ExtensibilityGlobals) = postSolution
		SolutionGuid = {5CFC445F-F6B9-40FF-9354-F33B5B40C53A}
	EndGlobalSection
EndGlobal
